PODS:
  - Capacitor (8.1.0):
    - CapacitorCordova
  - CapacitorCamera (8.0.0):
    - Capacitor
  - CapacitorCommunityContacts (7.1.0):
    - Capacitor
  - CapacitorCommunityImageToText (7.0.0):
    - Capacitor
  - CapacitorCordova (8.1.0)
  - CapacitorLocalNotifications (8.0.0):
    - Capacitor

DEPENDENCIES:
  - "Capacitor (from `../../node_modules/@capacitor/ios`)"
  - "CapacitorCamera (from `../../node_modules/@capacitor/camera`)"
  - CapacitorCommunityContacts (from `../../plugins/contacts`)
  - "CapacitorCommunityImageToText (from `../../node_modules/@capacitor-community/image-to-text`)"
  - "CapacitorCordova (from `../../node_modules/@capacitor/ios`)"
  - "CapacitorLocalNotifications (from `../../node_modules/@capacitor/local-notifications`)"

EXTERNAL SOURCES:
  Capacitor:
    :path: "../../node_modules/@capacitor/ios"
  CapacitorCamera:
    :path: "../../node_modules/@capacitor/camera"
  CapacitorCommunityContacts:
    :path: "../../plugins/contacts"
  CapacitorCommunityImageToText:
    :path: "../../node_modules/@capacitor-community/image-to-text"
  CapacitorCordova:
    :path: "../../node_modules/@capacitor/ios"
  CapacitorLocalNotifications:
    :path: "../../node_modules/@capacitor/local-notifications"

SPEC CHECKSUMS:
  Capacitor: 47b825120c6b8b6d6f9f053e9350a8960d436710
  CapacitorCamera: 592acb7ab9fb748e2d8571eb03af30ec4e1ace12
  CapacitorCommunityContacts: 35c8d69a138c4019548682a2d4632350b5b94044
  CapacitorCommunityImageToText: b36b9e68f402633092f3761cecfe462da3e0b52c
  CapacitorCordova: e8b76fd95fc1e157775abc484c59cc0de464095d
  CapacitorLocalNotifications: 177cfbf8228d9bd82a147e094cb7984d7afb9e29

PODFILE CHECKSUM: 9841296a41dfae8e1a552c0b4511a7ab79d98985

COCOAPODS: 1.16.2
